{
  "name": "uni-app-test",
  "version": "1.0.0",
  "lockfileVersion": 1,
  "requires": true,
  "dependencies": {
    "@dcloudio/uni-ui": {
      "version": "1.4.11",
      "resolved": "https://registry.npmjs.org/@dcloudio/uni-ui/-/uni-ui-1.4.11.tgz",
      "integrity": "sha512-DaS4w8DF4GmT4kUqMB8AOhPKDeJ4OA99+PeWll1t1AbfJjjecGLDGPXEOq7YcYZcN3TyxKct0CnqpJsTDgTFoQ==",
      "dev": true
    }
  }
}
